#MicroXplorer Configuration settings - do not modify
CAN1.CalculateTimeBit=2000
CAN1.CalculateTimeQuantum=666.6666666666666
CAN1.IPParameters=CalculateTimeQuantum,CalculateTimeBit
CAN2.CalculateTimeBit=2000
CAN2.CalculateTimeQuantum=666.6666666666666
CAN2.IPParameters=CalculateTimeQuantum,CalculateTimeBit
File.Version=5
KeepUserPlacement=false
Mcu.Family=STM32F1
Mcu.IP0=CAN1
Mcu.IP1=CAN2
Mcu.IP2=NVIC
Mcu.IP3=RCC
Mcu.IPNb=4
Mcu.Name=STM32F107V(B-C)Tx
Mcu.Package=LQFP100
Mcu.Pin0=OSC_IN
Mcu.Pin1=OSC_OUT
Mcu.Pin2=PB12
Mcu.Pin3=PB13
Mcu.Pin4=PA11
Mcu.Pin5=PA12
Mcu.PinsNb=6
Mcu.UserConstants=
Mcu.UserName=STM32F107VCTx
MxCube.Version=4.11.0
MxDb.Version=DB.4.0.110
NVIC.PriorityGroup=NVIC_PRIORITYGROUP_4
NVIC.SysTick_IRQn=true\:0\:0\:false
OSC_IN.Mode=HSE-External-Oscillator
OSC_IN.Signal=RCC_OSC_IN
OSC_OUT.Mode=HSE-External-Oscillator
OSC_OUT.Signal=RCC_OSC_OUT
PA11.Mode=Master
PA11.Signal=CAN1_RX
PA12.Mode=Master
PA12.Signal=CAN1_TX
PB12.Mode=Slave
PB12.Signal=CAN2_RX
PB13.Mode=Slave
PB13.Signal=CAN2_TX
PCC.Checker=false
PCC.Line=STM32F105/107
PCC.MCU=STM32F107V(B-C)Tx
PCC.MXVersion=4.11.0
PCC.PartNumber=STM32F107VCTx
PCC.Seq0=0
PCC.Series=STM32F1
PCC.Temperature=25
PCC.Vdd=3.3
ProjectManager.AskForMigrate=true
ProjectManager.BackupPrevious=false
ProjectManager.CompilerOptimize=2
ProjectManager.ComputerToolchain=false
ProjectManager.CoupleFile=false
ProjectManager.DeletePrevious=true
ProjectManager.DeviceId=STM32F107VCTx
ProjectManager.FirmwarePackage=STM32Cube FW_F1 V1.2.0
ProjectManager.FreePins=false
ProjectManager.HalAssertFull=false
ProjectManager.KeepUserCode=true
ProjectManager.LastFirmware=true
ProjectManager.LibraryCopy=0
ProjectManager.ProjectBuild=false
ProjectManager.ProjectFileName=can.ioc
ProjectManager.ProjectName=can
ProjectManager.TargetToolchain=MDK-ARM V5
ProjectManager.ToolChainLocation=
RCC.ADCFreqValue=24000000
RCC.AHBFreq_Value=48000000
RCC.APB1CLKDivider=RCC_HCLK_DIV2
RCC.APB1Freq_Value=24000000
RCC.APB1TimFreq_Value=48000000
RCC.APB2Freq_Value=48000000
RCC.APB2TimFreq_Value=48000000
RCC.FCLKCortexFreq_Value=48000000
RCC.FamilyName=M
RCC.HCLKFreq_Value=48000000
RCC.HSIState=RCC_HSI_ON
RCC.I2S2Freq_Value=48000000
RCC.I2S3Freq_Value=48000000
RCC.IPParameters=FamilyName,TimSysFreq_Value,PLLCLKFreq_Value,USBFreq_Value,PLLSourceVirtual,VCOOutput2Freq_Value,SYSCLKSource,HCLKFreq_Value,AHBFreq_Value,FCLKCortexFreq_Value,APB1TimFreq_Value,APB1Freq_Value,APB2TimFreq_Value,APB2Freq_Value,ADCFreqValue,I2S3Freq_Value,MCOFreq_Value,I2S2Freq_Value,SYSCLKFreq_VALUE,HSIState,APB1CLKDivider,PLLMUL
RCC.MCOFreq_Value=48000000
RCC.PLLCLKFreq_Value=48000000
RCC.PLLMUL=RCC_PLL_MUL6
RCC.PLLSourceVirtual=RCC_PLLSOURCE_HSE
RCC.SYSCLKFreq_VALUE=48000000
RCC.SYSCLKSource=RCC_SYSCLKSOURCE_PLLCLK
RCC.TimSysFreq_Value=48000000
RCC.USBFreq_Value=32000000
RCC.VCOOutput2Freq_Value=8000000
board=can
